
Microsoft Visual Studio Solution File, Format Version 12.00
# Visual Studio Version 17
VisualStudioVersion = 17.8.34322.80
MinimumVisualStudioVersion = 10.0.40219.1
Project("{FAE04EC0-301F-11D3-BF4B-00C04F79EFBC}") = "MyIp", "MyIp\MyIp.csproj", "{AEC30C47-2CF8-40CD-B3CF-FB497271B25A}"
EndProject
Global
	GlobalSection(SolutionConfigurationPlatforms) = preSolution
		Debug|Any CPU = Debug|Any CPU
		Release|Any CPU = Release|Any CPU
	EndGlobalSection
	GlobalSection(ProjectConfigurationPlatforms) = postSolution
		{AEC30C47-2CF8-40CD-B3CF-FB497271B25A}.Debug|Any CPU.ActiveCfg = Debug|Any CPU
		{AEC30C47-2CF8-40CD-B3CF-FB497271B25A}.Debug|Any CPU.Build.0 = Debug|Any CPU
		{AEC30C47-2CF8-40CD-B3CF-FB497271B25A}.Release|Any CPU.ActiveCfg = Release|Any CPU
		{AEC30C47-2CF8-40CD-B3CF-FB497271B25A}.Release|Any CPU.Build.0 = Release|Any CPU
	EndGlobalSection
	GlobalSection(SolutionProperties) = preSolution
		HideSolutionNode = FALSE
	EndGlobalSection
	GlobalSection(ExtensibilityGlobals) = postSolution
		SolutionGuid = {0AF193CF-1F2E-4503-94C8-88AF6E646517}
	EndGlobalSection
EndGlobal
